// !$*UTF8*$!
{
	archiveVersion = 1;
	classes = {
	};
	objectVersion = 46;
	objects = {

/* Begin PBXBuildFile section */
		2AA605EC1DB78CF70006F500 /* AppDelegate.swift in Sources */ = {isa = PBXBuildFile; fileRef = 2AA605EB1DB78CF70006F500 /* AppDelegate.swift */; };
		2AA605EE1DB78CF70006F500 /* ViewController.swift in Sources */ = {isa = PBXBuildFile; fileRef = 2AA605ED1DB78CF70006F500 /* ViewController.swift */; };
		2AA605F11DB78CF70006F500 /* Main.storyboard in Resources */ = {isa = PBXBuildFile; fileRef = 2AA605EF1DB78CF70006F500 /* Main.storyboard */; };
		2AA605F41DB78CF70006F500 /* GoPiGo.xcdatamodeld in Sources */ = {isa = PBXBuildFile; fileRef = 2AA605F21DB78CF70006F500 /* GoPiGo.xcdatamodeld */; };
		2AA605F61DB78CF70006F500 /* Assets.xcassets in Resources */ = {isa = PBXBuildFile; fileRef = 2AA605F51DB78CF70006F500 /* Assets.xcassets */; };
		2AA605F91DB78CF70006F500 /* LaunchScreen.storyboard in Resources */ = {isa = PBXBuildFile; fileRef = 2AA605F71DB78CF70006F500 /* LaunchScreen.storyboard */; };
		2AA606021DB847E90006F500 /* Color.swift in Sources */ = {isa = PBXBuildFile; fileRef = 2AA606011DB847E90006F500 /* Color.swift */; };
		2AA606061DBC5CE30006F500 /* SensorsViewController.swift in Sources */ = {isa = PBXBuildFile; fileRef = 2AA606051DBC5CE30006F500 /* SensorsViewController.swift */; };
		2AA606081DBDED5C0006F500 /* GopigoView.swift in Sources */ = {isa = PBXBuildFile; fileRef = 2AA606071DBDED5C0006F500 /* GopigoView.swift */; };
		2AC1898C1DD01C35007C25EC /* AnalogJoystick.swift in Sources */ = {isa = PBXBuildFile; fileRef = 2AC1898B1DD01C35007C25EC /* AnalogJoystick.swift */; };
		2ADEDE041DC0B90C005972DA /* CarControl.swift in Sources */ = {isa = PBXBuildFile; fileRef = 2ADEDE031DC0B90C005972DA /* CarControl.swift */; };
		2ADEDE081DC4619D005972DA /* GopigoScene.swift in Sources */ = {isa = PBXBuildFile; fileRef = 2ADEDE071DC4619D005972DA /* GopigoScene.swift */; };
		58C8B1F5AB817BC08846663F /* Pods_GoPiGo.framework in Frameworks */ = {isa = PBXBuildFile; fileRef = 6231069A710B92C11ECDA90A /* Pods_GoPiGo.framework */; };
/* End PBXBuildFile section */

/* Begin PBXFileReference section */
		2AA605E81DB78CF70006F500 /* GoPiGo.app */ = {isa = PBXFileReference; explicitFileType = wrapper.application; includeInIndex = 0; path = GoPiGo.app; sourceTree = BUILT_PRODUCTS_DIR; };
		2AA605EB1DB78CF70006F500 /* AppDelegate.swift */ = {isa = PBXFileReference; lastKnownFileType = sourcecode.swift; path = AppDelegate.swift; sourceTree = "<group>"; };
		2AA605ED1DB78CF70006F500 /* ViewController.swift */ = {isa = PBXFileReference; lastKnownFileType = sourcecode.swift; path = ViewController.swift; sourceTree = "<group>"; };
		2AA605F01DB78CF70006F500 /* Base */ = {isa = PBXFileReference; lastKnownFileType = file.storyboard; name = Base; path = Base.lproj/Main.storyboard; sourceTree = "<group>"; };
		2AA605F31DB78CF70006F500 /* GoPiGo.xcdatamodel */ = {isa = PBXFileReference; lastKnownFileType = wrapper.xcdatamodel; path = GoPiGo.xcdatamodel; sourceTree = "<group>"; };
		2AA605F51DB78CF70006F500 /* Assets.xcassets */ = {isa = PBXFileReference; lastKnownFileType = folder.assetcatalog; path = Assets.xcassets; sourceTree = "<group>"; };
		2AA605F81DB78CF70006F500 /* Base */ = {isa = PBXFileReference; lastKnownFileType = file.storyboard; name = Base; path = Base.lproj/LaunchScreen.storyboard; sourceTree = "<group>"; };
		2AA605FA1DB78CF70006F500 /* Info.plist */ = {isa = PBXFileReference; lastKnownFileType = text.plist.xml; path = Info.plist; sourceTree = "<group>"; };
		2AA606011DB847E90006F500 /* Color.swift */ = {isa = PBXFileReference; fileEncoding = 4; lastKnownFileType = sourcecode.swift; path = Color.swift; sourceTree = "<group>"; };
		2AA606051DBC5CE30006F500 /* SensorsViewController.swift */ = {isa = PBXFileReference; fileEncoding = 4; lastKnownFileType = sourcecode.swift; path = SensorsViewController.swift; sourceTree = "<group>"; };
		2AA606071DBDED5C0006F500 /* GopigoView.swift */ = {isa = PBXFileReference; fileEncoding = 4; lastKnownFileType = sourcecode.swift; path = GopigoView.swift; sourceTree = "<group>"; };
		2AC1898B1DD01C35007C25EC /* AnalogJoystick.swift */ = {isa = PBXFileReference; fileEncoding = 4; lastKnownFileType = sourcecode.swift; path = AnalogJoystick.swift; sourceTree = "<group>"; };
		2AC189AE1DD3394D007C25EC /* GoPiGo-Bridging-Header.h */ = {isa = PBXFileReference; lastKnownFileType = sourcecode.c.h; path = "GoPiGo-Bridging-Header.h"; sourceTree = "<group>"; };
		2ADEDE031DC0B90C005972DA /* CarControl.swift */ = {isa = PBXFileReference; fileEncoding = 4; lastKnownFileType = sourcecode.swift; path = CarControl.swift; sourceTree = "<group>"; };
		2ADEDE071DC4619D005972DA /* GopigoScene.swift */ = {isa = PBXFileReference; fileEncoding = 4; lastKnownFileType = sourcecode.swift; path = GopigoScene.swift; sourceTree = "<group>"; };
		6231069A710B92C11ECDA90A /* Pods_GoPiGo.framework */ = {isa = PBXFileReference; explicitFileType = wrapper.framework; includeInIndex = 0; path = Pods_GoPiGo.framework; sourceTree = BUILT_PRODUCTS_DIR; };
		98581C5FEF550DE65DA377F0 /* Pods-GoPiGo.debug.xcconfig */ = {isa = PBXFileReference; includeInIndex = 1; lastKnownFileType = text.xcconfig; name = "Pods-GoPiGo.debug.xcconfig"; path = "Pods/Target Support Files/Pods-GoPiGo/Pods-GoPiGo.debug.xcconfig"; sourceTree = "<group>"; };
		DE3F89DB72302B9C805C3377 /* Pods-GoPiGo.release.xcconfig */ = {isa = PBXFileReference; includeInIndex = 1; lastKnownFileType = text.xcconfig; name = "Pods-GoPiGo.release.xcconfig"; path = "Pods/Target Support Files/Pods-GoPiGo/Pods-GoPiGo.release.xcconfig"; sourceTree = "<group>"; };
/* End PBXFileReference section */

/* Begin PBXFrameworksBuildPhase section */
		2AA605E51DB78CF70006F500 /* Frameworks */ = {
			isa = PBXFrameworksBuildPhase;
			buildActionMask = 2147483647;
			files = (
				58C8B1F5AB817BC08846663F /* Pods_GoPiGo.framework in Frameworks */,
			);
			runOnlyForDeploymentPostprocessing = 0;
		};
/* End PBXFrameworksBuildPhase section */

/* Begin PBXGroup section */
		2AA605DF1DB78CF70006F500 = {
			isa = PBXGroup;
			children = (
				2AA605EA1DB78CF70006F500 /* GoPiGo */,
				2AA605E91DB78CF70006F500 /* Products */,
				876CAE7930212752E9811B39 /* Pods */,
				7BF920691BF14ADF95E66990 /* Frameworks */,
			);
			sourceTree = "<group>";
		};
		2AA605E91DB78CF70006F500 /* Products */ = {
			isa = PBXGroup;
			children = (
				2AA605E81DB78CF70006F500 /* GoPiGo.app */,
			);
			name = Products;
			sourceTree = "<group>";
		};
		2AA605EA1DB78CF70006F500 /* GoPiGo */ = {
			isa = PBXGroup;
			children = (
				2ADEDE021DC0B8DD005972DA /* RobotControl */,
				2AA606041DBC5CA90006F500 /* Camera */,
				2AA606031DBC5C9E0006F500 /* Sensors */,
				2AA606001DB847CA0006F500 /* Utilities */,
				2AA605EB1DB78CF70006F500 /* AppDelegate.swift */,
				2AA605ED1DB78CF70006F500 /* ViewController.swift */,
				2AA605EF1DB78CF70006F500 /* Main.storyboard */,
				2AA605F51DB78CF70006F500 /* Assets.xcassets */,
				2AA605F71DB78CF70006F500 /* LaunchScreen.storyboard */,
				2AA605FA1DB78CF70006F500 /* Info.plist */,
				2AA605F21DB78CF70006F500 /* GoPiGo.xcdatamodeld */,
				2AC189AE1DD3394D007C25EC /* GoPiGo-Bridging-Header.h */,
			);
			path = GoPiGo;
			sourceTree = "<group>";
		};
		2AA606001DB847CA0006F500 /* Utilities */ = {
			isa = PBXGroup;
			children = (
				2AA606011DB847E90006F500 /* Color.swift */,
			);
			name = Utilities;
			sourceTree = "<group>";
		};
		2AA606031DBC5C9E0006F500 /* Sensors */ = {
			isa = PBXGroup;
			children = (
				2AA606051DBC5CE30006F500 /* SensorsViewController.swift */,
			);
			name = Sensors;
			sourceTree = "<group>";
		};
		2AA606041DBC5CA90006F500 /* Camera */ = {
			isa = PBXGroup;
			children = (
				2AA606071DBDED5C0006F500 /* GopigoView.swift */,
				2ADEDE071DC4619D005972DA /* GopigoScene.swift */,
			);
			name = Camera;
			sourceTree = "<group>";
		};
		2ADEDE021DC0B8DD005972DA /* RobotControl */ = {
			isa = PBXGroup;
			children = (
				2ADEDE031DC0B90C005972DA /* CarControl.swift */,
				2AC1898B1DD01C35007C25EC /* AnalogJoystick.swift */,
			);
			name = RobotControl;
			path = ..;
			sourceTree = "<group>";
		};
		7BF920691BF14ADF95E66990 /* Frameworks */ = {
			isa = PBXGroup;
			children = (
				6231069A710B92C11ECDA90A /* Pods_GoPiGo.framework */,
			);
			name = Frameworks;
			sourceTree = "<group>";
		};
		876CAE7930212752E9811B39 /* Pods */ = {
			isa = PBXGroup;
			children = (
				98581C5FEF550DE65DA377F0 /* Pods-GoPiGo.debug.xcconfig */,
				DE3F89DB72302B9C805C3377 /* Pods-GoPiGo.release.xcconfig */,
			);
			name = Pods;
			sourceTree = "<group>";
		};
/* End PBXGroup section */

/* Begin PBXNativeTarget section */
		2AA605E71DB78CF70006F500 /* GoPiGo */ = {
			isa = PBXNativeTarget;
			buildConfigurationList = 2AA605FD1DB78CF70006F500 /* Build configuration list for PBXNativeTarget "GoPiGo" */;
			buildPhases = (
				E0D9CABAD8A2BC307C9AFFAE /* [CP] Check Pods Manifest.lock */,
				2AA605E41DB78CF70006F500 /* Sources */,
				2AA605E51DB78CF70006F500 /* Frameworks */,
				2AA605E61DB78CF70006F500 /* Resources */,
				1849869730FEC857314E4122 /* [CP] Embed Pods Frameworks */,
				3C4A67AC8B5078DAFCC694BD /* [CP] Copy Pods Resources */,
			);
			buildRules = (
			);
			dependencies = (
			);
			name = GoPiGo;
			productName = GoPiGo;
			productReference = 2AA605E81DB78CF70006F500 /* GoPiGo.app */;
			productType = "com.apple.product-type.application";
		};
/* End PBXNativeTarget section */

/* Begin PBXProject section */
		2AA605E01DB78CF70006F500 /* Project object */ = {
			isa = PBXProject;
			attributes = {
				LastSwiftUpdateCheck = 0800;
				LastUpgradeCheck = 0800;
				ORGANIZATIONNAME = Monash;
				TargetAttributes = {
					2AA605E71DB78CF70006F500 = {
						CreatedOnToolsVersion = 8.0;
						DevelopmentTeam = CLJQ632586;
						ProvisioningStyle = Automatic;
					};
				};
			};
			buildConfigurationList = 2AA605E31DB78CF70006F500 /* Build configuration list for PBXProject "GoPiGo" */;
			compatibilityVersion = "Xcode 3.2";
			developmentRegion = English;
			hasScannedForEncodings = 0;
			knownRegions = (
				en,
				Base,
			);
			mainGroup = 2AA605DF1DB78CF70006F500;
			productRefGroup = 2AA605E91DB78CF70006F500 /* Products */;
			projectDirPath = "";
			projectRoot = "";
			targets = (
				2AA605E71DB78CF70006F500 /* GoPiGo */,
			);
		};
/* End PBXProject section */

/* Begin PBXResourcesBuildPhase section */
		2AA605E61DB78CF70006F500 /* Resources */ = {
			isa = PBXResourcesBuildPhase;
			buildActionMask = 2147483647;
			files = (
				2AA605F91DB78CF70006F500 /* LaunchScreen.storyboard in Resources */,
				2AA605F61DB78CF70006F500 /* Assets.xcassets in Resources */,
				2AA605F11DB78CF70006F500 /* Main.storyboard in Resources */,
			);
			runOnlyForDeploymentPostprocessing = 0;
		};
/* End PBXResourcesBuildPhase section */

/* Begin PBXShellScriptBuildPhase section */
		1849869730FEC857314E4122 /* [CP] Embed Pods Frameworks */ = {
			isa = PBXShellScriptBuildPhase;
			buildActionMask = 2147483647;
			files = (
			);
			inputPaths = (
			);
			name = "[CP] Embed Pods Frameworks";
			outputPaths = (
			);
			runOnlyForDeploymentPostprocessing = 0;
			shellPath = /bin/sh;
			shellScript = "\"${SRCROOT}/Pods/Target Support Files/Pods-GoPiGo/Pods-GoPiGo-frameworks.sh\"\n";
			showEnvVarsInLog = 0;
		};
		3C4A67AC8B5078DAFCC694BD /* [CP] Copy Pods Resources */ = {
			isa = PBXShellScriptBuildPhase;
			buildActionMask = 2147483647;
			files = (
			);
			inputPaths = (
			);
			name = "[CP] Copy Pods Resources";
			outputPaths = (
			);
			runOnlyForDeploymentPostprocessing = 0;
			shellPath = /bin/sh;
			shellScript = "\"${SRCROOT}/Pods/Target Support Files/Pods-GoPiGo/Pods-GoPiGo-resources.sh\"\n";
			showEnvVarsInLog = 0;
		};
		E0D9CABAD8A2BC307C9AFFAE /* [CP] Check Pods Manifest.lock */ = {
			isa = PBXShellScriptBuildPhase;
			buildActionMask = 2147483647;
			files = (
			);
			inputPaths = (
			);
			name = "[CP] Check Pods Manifest.lock";
			outputPaths = (
			);
			runOnlyForDeploymentPostprocessing = 0;
			shellPath = /bin/sh;
			shellScript = "diff \"${PODS_ROOT}/../Podfile.lock\" \"${PODS_ROOT}/Manifest.lock\" > /dev/null\nif [ $? != 0 ] ; then\n    # print error to STDERR\n    echo \"error: The sandbox is not in sync with the Podfile.lock. Run 'pod install' or update your CocoaPods installation.\" >&2\n    exit 1\nfi\n";
			showEnvVarsInLog = 0;
		};
/* End PBXShellScriptBuildPhase section */

/* Begin PBXSourcesBuildPhase section */
		2AA605E41DB78CF70006F500 /* Sources */ = {
			isa = PBXSourcesBuildPhase;
			buildActionMask = 2147483647;
			files = (
				2ADEDE041DC0B90C005972DA /* CarControl.swift in Sources */,
				2AC1898C1DD01C35007C25EC /* AnalogJoystick.swift in Sources */,
				2AA605EE1DB78CF70006F500 /* ViewController.swift in Sources */,
				2AA606061DBC5CE30006F500 /* SensorsViewController.swift in Sources */,
				2AA606021DB847E90006F500 /* Color.swift in Sources */,
				2AA606081DBDED5C0006F500 /* GopigoView.swift in Sources */,
				2AA605F41DB78CF70006F500 /* GoPiGo.xcdatamodeld in Sources */,
				2ADEDE081DC4619D005972DA /* GopigoScene.swift in Sources */,
				2AA605EC1DB78CF70006F500 /* AppDelegate.swift in Sources */,
			);
			runOnlyForDeploymentPostprocessing = 0;
		};
/* End PBXSourcesBuildPhase section */

/* Begin PBXVariantGroup section */
		2AA605EF1DB78CF70006F500 /* Main.storyboard */ = {
			isa = PBXVariantGroup;
			children = (
				2AA605F01DB78CF70006F500 /* Base */,
			);
			name = Main.storyboard;
			sourceTree = "<group>";
		};
		2AA605F71DB78CF70006F500 /* LaunchScreen.storyboard */ = {
			isa = PBXVariantGroup;
			children = (
				2AA605F81DB78CF70006F500 /* Base */,
			);
			name = LaunchScreen.storyboard;
			sourceTree = "<group>";
		};
/* End PBXVariantGroup section */

/* Begin XCBuildConfiguration section */
		2AA605FB1DB78CF70006F500 /* Debug */ = {
			isa = XCBuildConfiguration;
			buildSettings = {
				ALWAYS_SEARCH_USER_PATHS = NO;
				CLANG_ANALYZER_NONNULL = YES;
				CLANG_CXX_LANGUAGE_STANDARD = "gnu++0x";
				CLANG_CXX_LIBRARY = "libc++";
				CLANG_ENABLE_MODULES = YES;
				CLANG_ENABLE_OBJC_ARC = YES;
				CLANG_WARN_BOOL_CONVERSION = YES;
				CLANG_WARN_CONSTANT_CONVERSION = YES;
				CLANG_WARN_DIRECT_OBJC_ISA_USAGE = YES_ERROR;
				CLANG_WARN_DOCUMENTATION_COMMENTS = YES;
				CLANG_WARN_EMPTY_BODY = YES;
				CLANG_WARN_ENUM_CONVERSION = YES;
				CLANG_WARN_INFINITE_RECURSION = YES;
				CLANG_WARN_INT_CONVERSION = YES;
				CLANG_WARN_OBJC_ROOT_CLASS = YES_ERROR;
				CLANG_WARN_SUSPICIOUS_MOVES = YES;
				CLANG_WARN_UNREACHABLE_CODE = YES;
				CLANG_WARN__DUPLICATE_METHOD_MATCH = YES;
				"CODE_SIGN_IDENTITY[sdk=iphoneos*]" = "iPhone Developer";
				COPY_PHASE_STRIP = NO;
				DEBUG_INFORMATION_FORMAT = dwarf;
				ENABLE_STRICT_OBJC_MSGSEND = YES;
				ENABLE_TESTABILITY = YES;
				GCC_C_LANGUAGE_STANDARD = gnu99;
				GCC_DYNAMIC_NO_PIC = NO;
				GCC_NO_COMMON_BLOCKS = YES;
				GCC_OPTIMIZATION_LEVEL = 0;
				GCC_PREPROCESSOR_DEFINITIONS = (
					"DEBUG=1",
					"$(inherited)",
				);
				GCC_WARN_64_TO_32_BIT_CONVERSION = YES;
				GCC_WARN_ABOUT_RETURN_TYPE = YES_ERROR;
				GCC_WARN_UNDECLARED_SELECTOR = YES;
				GCC_WARN_UNINITIALIZED_AUTOS = YES_AGGRESSIVE;
				GCC_WARN_UNUSED_FUNCTION = YES;
				GCC_WARN_UNUSED_VARIABLE = YES;
				IPHONEOS_DEPLOYMENT_TARGET = 10.0;
				MTL_ENABLE_DEBUG_INFO = YES;
				ONLY_ACTIVE_ARCH = YES;
				SDKROOT = iphoneos;
				SWIFT_ACTIVE_COMPILATION_CONDITIONS = DEBUG;
				SWIFT_OPTIMIZATION_LEVEL = "-Onone";
				TARGETED_DEVICE_FAMILY = "1,2";
			};
			name = Debug;
		};
		2AA605FC1DB78CF70006F500 /* Release */ = {
			isa = XCBuildConfiguration;
			buildSettings = {
				ALWAYS_SEARCH_USER_PATHS = NO;
				CLANG_ANALYZER_NONNULL = YES;
				CLANG_CXX_LANGUAGE_STANDARD = "gnu++0x";
				CLANG_CXX_LIBRARY = "libc++";
				CLANG_ENABLE_MODULES = YES;
				CLANG_ENABLE_OBJC_ARC = YES;
				CLANG_WARN_BOOL_CONVERSION = YES;
				CLANG_WARN_CONSTANT_CONVERSION = YES;
				CLANG_WARN_DIRECT_OBJC_ISA_USAGE = YES_ERROR;
				CLANG_WARN_DOCUMENTATION_COMMENTS = YES;
				CLANG_WARN_EMPTY_BODY = YES;
				CLANG_WARN_ENUM_CONVERSION = YES;
				CLANG_WARN_INFINITE_RECURSION = YES;
				CLANG_WARN_INT_CONVERSION = YES;
				CLANG_WARN_OBJC_ROOT_CLASS = YES_ERROR;
				CLANG_WARN_SUSPICIOUS_MOVES = YES;
				CLANG_WARN_UNREACHABLE_CODE = YES;
				CLANG_WARN__DUPLICATE_METHOD_MATCH = YES;
				"CODE_SIGN_IDENTITY[sdk=iphoneos*]" = "iPhone Developer";
				COPY_PHASE_STRIP = NO;
				DEBUG_INFORMATION_FORMAT = "dwarf-with-dsym";
				ENABLE_NS_ASSERTIONS = NO;
				ENABLE_STRICT_OBJC_MSGSEND = YES;
				GCC_C_LANGUAGE_STANDARD = gnu99;
				GCC_NO_COMMON_BLOCKS = YES;
				GCC_WARN_64_TO_32_BIT_CONVERSION = YES;
				GCC_WARN_ABOUT_RETURN_TYPE = YES_ERROR;
				GCC_WARN_UNDECLARED_SELECTOR = YES;
				GCC_WARN_UNINITIALIZED_AUTOS = YES_AGGRESSIVE;
				GCC_WARN_UNUSED_FUNCTION = YES;
				GCC_WARN_UNUSED_VARIABLE = YES;
				IPHONEOS_DEPLOYMENT_TARGET = 10.0;
				MTL_ENABLE_DEBUG_INFO = NO;
				SDKROOT = iphoneos;
				SWIFT_OPTIMIZATION_LEVEL = "-Owholemodule";
				TARGETED_DEVICE_FAMILY = "1,2";
				VALIDATE_PRODUCT = YES;
			};
			name = Release;
		};
		2AA605FE1DB78CF70006F500 /* Debug */ = {
			isa = XCBuildConfiguration;
			baseConfigurationReference = 98581C5FEF550DE65DA377F0 /* Pods-GoPiGo.debug.xcconfig */;
			buildSettings = {
				ASSETCATALOG_COMPILER_APPICON_NAME = AppIcon;
				DEVELOPMENT_TEAM = CLJQ632586;
				INFOPLIST_FILE = GoPiGo/Info.plist;
				IPHONEOS_DEPLOYMENT_TARGET = 10.1;
				LD_RUNPATH_SEARCH_PATHS = "$(inherited) @executable_path/Frameworks";
				PRODUCT_BUNDLE_IDENTIFIER = monash.GoPiGo;
				PRODUCT_NAME = "$(TARGET_NAME)";
				SWIFT_OBJC_BRIDGING_HEADER = "";
				SWIFT_VERSION = 2.3;
			};
			name = Debug;
		};
		2AA605FF1DB78CF70006F500 /* Release */ = {
			isa = XCBuildConfiguration;
			baseConfigurationReference = DE3F89DB72302B9C805C3377 /* Pods-GoPiGo.release.xcconfig */;
			buildSettings = {
				ASSETCATALOG_COMPILER_APPICON_NAME = AppIcon;
				DEVELOPMENT_TEAM = CLJQ632586;
				INFOPLIST_FILE = GoPiGo/Info.plist;
				IPHONEOS_DEPLOYMENT_TARGET = 10.1;
				LD_RUNPATH_SEARCH_PATHS = "$(inherited) @executable_path/Frameworks";
				PRODUCT_BUNDLE_IDENTIFIER = monash.GoPiGo;
				PRODUCT_NAME = "$(TARGET_NAME)";
				SWIFT_OBJC_BRIDGING_HEADER = "";
				SWIFT_VERSION = 2.3;
			};
			name = Release;
		};
/* End XCBuildConfiguration section */

/* Begin XCConfigurationList section */
		2AA605E31DB78CF70006F500 /* Build configuration list for PBXProject "GoPiGo" */ = {
			isa = XCConfigurationList;
			buildConfigurations = (
				2AA605FB1DB78CF70006F500 /* Debug */,
				2AA605FC1DB78CF70006F500 /* Release */,
			);
			defaultConfigurationIsVisible = 0;
			defaultConfigurationName = Release;
		};
		2AA605FD1DB78CF70006F500 /* Build configuration list for PBXNativeTarget "GoPiGo" */ = {
			isa = XCConfigurationList;
			buildConfigurations = (
				2AA605FE1DB78CF70006F500 /* Debug */,
				2AA605FF1DB78CF70006F500 /* Release */,
			);
			defaultConfigurationIsVisible = 0;
			defaultConfigurationName = Release;
		};
/* End XCConfigurationList section */

/* Begin XCVersionGroup section */
		2AA605F21DB78CF70006F500 /* GoPiGo.xcdatamodeld */ = {
			isa = XCVersionGroup;
			children = (
				2AA605F31DB78CF70006F500 /* GoPiGo.xcdatamodel */,
			);
			currentVersion = 2AA605F31DB78CF70006F500 /* GoPiGo.xcdatamodel */;
			path = GoPiGo.xcdatamodeld;
			sourceTree = "<group>";
			versionGroupType = wrapper.xcdatamodel;
		};
/* End XCVersionGroup section */
	};
	rootObject = 2AA605E01DB78CF70006F500 /* Project object */;
}
